
Microsoft Visual Studio Solution File, Format Version 12.00
# Visual Studio Version 17
VisualStudioVersion = 17.5.2.0
MinimumVisualStudioVersion = 10.0.40219.1
Project("{FAE04EC0-301F-11D3-BF4B-00C04F79EFBC}") = "SistemaChamados", "SistemaChamados.csproj", "{3ECD2509-A0BF-8F89-CC95-856072534644}"
EndProject
Project("{FAE04EC0-301F-11D3-BF4B-00C04F79EFBC}") = "SistemaChamados.Mobile", "SistemaChamados.Mobile\SistemaChamados.Mobile.csproj", "{A47AA5FC-2A6A-4FD9-81A4-CDFFBE06AA4B}"
EndProject
Global
	GlobalSection(SolutionConfigurationPlatforms) = preSolution
		Debug|Any CPU = Debug|Any CPU
		Debug|x64 = Debug|x64
		Debug|x86 = Debug|x86
		Release|Any CPU = Release|Any CPU
		Release|x64 = Release|x64
		Release|x86 = Release|x86
	EndGlobalSection
	GlobalSection(ProjectConfigurationPlatforms) = postSolution
		{3ECD2509-A0BF-8F89-CC95-856072534644}.Debug|Any CPU.ActiveCfg = Debug|Any CPU
		{3ECD2509-A0BF-8F89-CC95-856072534644}.Debug|Any CPU.Build.0 = Debug|Any CPU
		{3ECD2509-A0BF-8F89-CC95-856072534644}.Debug|x64.ActiveCfg = Debug|Any CPU
		{3ECD2509-A0BF-8F89-CC95-856072534644}.Debug|x64.Build.0 = Debug|Any CPU
		{3ECD2509-A0BF-8F89-CC95-856072534644}.Debug|x86.ActiveCfg = Debug|Any CPU
		{3ECD2509-A0BF-8F89-CC95-856072534644}.Debug|x86.Build.0 = Debug|Any CPU
		{3ECD2509-A0BF-8F89-CC95-856072534644}.Release|Any CPU.ActiveCfg = Release|Any CPU
		{3ECD2509-A0BF-8F89-CC95-856072534644}.Release|Any CPU.Build.0 = Release|Any CPU
		{3ECD2509-A0BF-8F89-CC95-856072534644}.Release|x64.ActiveCfg = Release|Any CPU
		{3ECD2509-A0BF-8F89-CC95-856072534644}.Release|x64.Build.0 = Release|Any CPU
		{3ECD2509-A0BF-8F89-CC95-856072534644}.Release|x86.ActiveCfg = Release|Any CPU
		{3ECD2509-A0BF-8F89-CC95-856072534644}.Release|x86.Build.0 = Release|Any CPU
		{A47AA5FC-2A6A-4FD9-81A4-CDFFBE06AA4B}.Debug|Any CPU.ActiveCfg = Debug|Any CPU
		{A47AA5FC-2A6A-4FD9-81A4-CDFFBE06AA4B}.Debug|Any CPU.Build.0 = Debug|Any CPU
		{A47AA5FC-2A6A-4FD9-81A4-CDFFBE06AA4B}.Debug|x64.ActiveCfg = Debug|Any CPU
		{A47AA5FC-2A6A-4FD9-81A4-CDFFBE06AA4B}.Debug|x64.Build.0 = Debug|Any CPU
		{A47AA5FC-2A6A-4FD9-81A4-CDFFBE06AA4B}.Debug|x86.ActiveCfg = Debug|Any CPU
		{A47AA5FC-2A6A-4FD9-81A4-CDFFBE06AA4B}.Debug|x86.Build.0 = Debug|Any CPU
		{A47AA5FC-2A6A-4FD9-81A4-CDFFBE06AA4B}.Release|Any CPU.ActiveCfg = Release|Any CPU
		{A47AA5FC-2A6A-4FD9-81A4-CDFFBE06AA4B}.Release|Any CPU.Build.0 = Release|Any CPU
		{A47AA5FC-2A6A-4FD9-81A4-CDFFBE06AA4B}.Release|x64.ActiveCfg = Release|Any CPU
		{A47AA5FC-2A6A-4FD9-81A4-CDFFBE06AA4B}.Release|x64.Build.0 = Release|Any CPU
		{A47AA5FC-2A6A-4FD9-81A4-CDFFBE06AA4B}.Release|x86.ActiveCfg = Release|Any CPU
		{A47AA5FC-2A6A-4FD9-81A4-CDFFBE06AA4B}.Release|x86.Build.0 = Release|Any CPU
	EndGlobalSection
	GlobalSection(SolutionProperties) = preSolution
		HideSolutionNode = FALSE
	EndGlobalSection
	GlobalSection(ExtensibilityGlobals) = postSolution
		SolutionGuid = {3351013F-7D59-4C48-9AAF-3FF7098439A8}
	EndGlobalSection
EndGlobal
